// !$*UTF8*$!
{
	archiveVersion = 1;
	classes = {
	};
	objectVersion = 50;
	objects = {

/* Begin PBXBuildFile section */
		2CD9FA6E76E06EBFCB816EB9 /* Pods_SlackClone.framework in Frameworks */ = {isa = PBXBuildFile; fileRef = FD3FCEEEDC0EB4037107F035 /* Pods_SlackClone.framework */; };
		A30BD4FF250D56F900BB71F2 /* AppDelegate.swift in Sources */ = {isa = PBXBuildFile; fileRef = A30BD4FE250D56F900BB71F2 /* AppDelegate.swift */; };
		A30BD503250D56FD00BB71F2 /* Assets.xcassets in Resources */ = {isa = PBXBuildFile; fileRef = A30BD502250D56FD00BB71F2 /* Assets.xcassets */; };
		A30BD506250D56FD00BB71F2 /* Main.storyboard in Resources */ = {isa = PBXBuildFile; fileRef = A30BD504250D56FD00BB71F2 /* Main.storyboard */; };
		A30BD50F250D5C5500BB71F2 /* MainWindowController.swift in Sources */ = {isa = PBXBuildFile; fileRef = A30BD50E250D5C5500BB71F2 /* MainWindowController.swift */; };
		A30BD511250D5D0800BB71F2 /* CreateAccountViewController.swift in Sources */ = {isa = PBXBuildFile; fileRef = A30BD510250D5D0700BB71F2 /* CreateAccountViewController.swift */; };
		A30BD514250D5E0300BB71F2 /* LoginViewController.swift in Sources */ = {isa = PBXBuildFile; fileRef = A30BD512250D5E0300BB71F2 /* LoginViewController.swift */; };
		A30BD515250D5E0300BB71F2 /* LoginViewController.xib in Resources */ = {isa = PBXBuildFile; fileRef = A30BD513250D5E0300BB71F2 /* LoginViewController.xib */; };
		A30C0E32250EA954009C07C4 /* ChannelsViewController.swift in Sources */ = {isa = PBXBuildFile; fileRef = A30C0E31250EA954009C07C4 /* ChannelsViewController.swift */; };
		A30C0E34250EB2EA009C07C4 /* AddChannelViewController.swift in Sources */ = {isa = PBXBuildFile; fileRef = A30C0E33250EB2EA009C07C4 /* AddChannelViewController.swift */; };
		A331BB82250FC01500AD5C79 /* ChatSell.swift in Sources */ = {isa = PBXBuildFile; fileRef = A331BB81250FC01500AD5C79 /* ChatSell.swift */; };
		A34F557B250F8C9A00803AF7 /* ChatViewController.swift in Sources */ = {isa = PBXBuildFile; fileRef = A34F557A250F8C9A00803AF7 /* ChatViewController.swift */; };
		A35E9FC7250D945F00EA9366 /* SplitViewController.swift in Sources */ = {isa = PBXBuildFile; fileRef = A35E9FC6250D945F00EA9366 /* SplitViewController.swift */; };
/* End PBXBuildFile section */

/* Begin PBXFileReference section */
		336E6E2C1BBED40F1DB36CF0 /* Pods-SlackClone.debug.xcconfig */ = {isa = PBXFileReference; includeInIndex = 1; lastKnownFileType = text.xcconfig; name = "Pods-SlackClone.debug.xcconfig"; path = "Pods/Target Support Files/Pods-SlackClone/Pods-SlackClone.debug.xcconfig"; sourceTree = "<group>"; };
		A30BD4FB250D56F900BB71F2 /* SlackClone.app */ = {isa = PBXFileReference; explicitFileType = wrapper.application; includeInIndex = 0; path = SlackClone.app; sourceTree = BUILT_PRODUCTS_DIR; };
		A30BD4FE250D56F900BB71F2 /* AppDelegate.swift */ = {isa = PBXFileReference; lastKnownFileType = sourcecode.swift; path = AppDelegate.swift; sourceTree = "<group>"; };
		A30BD502250D56FD00BB71F2 /* Assets.xcassets */ = {isa = PBXFileReference; lastKnownFileType = folder.assetcatalog; path = Assets.xcassets; sourceTree = "<group>"; };
		A30BD505250D56FD00BB71F2 /* Base */ = {isa = PBXFileReference; lastKnownFileType = file.storyboard; name = Base; path = Base.lproj/Main.storyboard; sourceTree = "<group>"; };
		A30BD507250D56FD00BB71F2 /* Info.plist */ = {isa = PBXFileReference; lastKnownFileType = text.plist.xml; path = Info.plist; sourceTree = "<group>"; };
		A30BD508250D56FD00BB71F2 /* SlackClone.entitlements */ = {isa = PBXFileReference; lastKnownFileType = text.plist.entitlements; path = SlackClone.entitlements; sourceTree = "<group>"; };
		A30BD50E250D5C5500BB71F2 /* MainWindowController.swift */ = {isa = PBXFileReference; lastKnownFileType = sourcecode.swift; path = MainWindowController.swift; sourceTree = "<group>"; };
		A30BD510250D5D0700BB71F2 /* CreateAccountViewController.swift */ = {isa = PBXFileReference; lastKnownFileType = sourcecode.swift; path = CreateAccountViewController.swift; sourceTree = "<group>"; };
		A30BD512250D5E0300BB71F2 /* LoginViewController.swift */ = {isa = PBXFileReference; lastKnownFileType = sourcecode.swift; path = LoginViewController.swift; sourceTree = "<group>"; };
		A30BD513250D5E0300BB71F2 /* LoginViewController.xib */ = {isa = PBXFileReference; lastKnownFileType = file.xib; path = LoginViewController.xib; sourceTree = "<group>"; };
		A30C0E31250EA954009C07C4 /* ChannelsViewController.swift */ = {isa = PBXFileReference; lastKnownFileType = sourcecode.swift; path = ChannelsViewController.swift; sourceTree = "<group>"; };
		A30C0E33250EB2EA009C07C4 /* AddChannelViewController.swift */ = {isa = PBXFileReference; lastKnownFileType = sourcecode.swift; path = AddChannelViewController.swift; sourceTree = "<group>"; };
		A331BB81250FC01500AD5C79 /* ChatSell.swift */ = {isa = PBXFileReference; lastKnownFileType = sourcecode.swift; path = ChatSell.swift; sourceTree = "<group>"; };
		A34F557A250F8C9A00803AF7 /* ChatViewController.swift */ = {isa = PBXFileReference; lastKnownFileType = sourcecode.swift; path = ChatViewController.swift; sourceTree = "<group>"; };
		A35E9FC6250D945F00EA9366 /* SplitViewController.swift */ = {isa = PBXFileReference; lastKnownFileType = sourcecode.swift; path = SplitViewController.swift; sourceTree = "<group>"; };
		E1D896945953AEFE2A579654 /* Pods-SlackClone.release.xcconfig */ = {isa = PBXFileReference; includeInIndex = 1; lastKnownFileType = text.xcconfig; name = "Pods-SlackClone.release.xcconfig"; path = "Pods/Target Support Files/Pods-SlackClone/Pods-SlackClone.release.xcconfig"; sourceTree = "<group>"; };
		FD3FCEEEDC0EB4037107F035 /* Pods_SlackClone.framework */ = {isa = PBXFileReference; explicitFileType = wrapper.framework; includeInIndex = 0; path = Pods_SlackClone.framework; sourceTree = BUILT_PRODUCTS_DIR; };
/* End PBXFileReference section */

/* Begin PBXFrameworksBuildPhase section */
		A30BD4F8250D56F900BB71F2 /* Frameworks */ = {
			isa = PBXFrameworksBuildPhase;
			buildActionMask = 2147483647;
			files = (
				2CD9FA6E76E06EBFCB816EB9 /* Pods_SlackClone.framework in Frameworks */,
			);
			runOnlyForDeploymentPostprocessing = 0;
		};
/* End PBXFrameworksBuildPhase section */

/* Begin PBXGroup section */
		040E9B0DD6B39B10E143E4C7 /* Frameworks */ = {
			isa = PBXGroup;
			children = (
				FD3FCEEEDC0EB4037107F035 /* Pods_SlackClone.framework */,
			);
			name = Frameworks;
			sourceTree = "<group>";
		};
		9201D05D2AF7461AE4AC1199 /* Pods */ = {
			isa = PBXGroup;
			children = (
				336E6E2C1BBED40F1DB36CF0 /* Pods-SlackClone.debug.xcconfig */,
				E1D896945953AEFE2A579654 /* Pods-SlackClone.release.xcconfig */,
			);
			name = Pods;
			sourceTree = "<group>";
		};
		A30BD4F2250D56F900BB71F2 = {
			isa = PBXGroup;
			children = (
				A30BD4FD250D56F900BB71F2 /* SlackClone */,
				A30BD4FC250D56F900BB71F2 /* Products */,
				9201D05D2AF7461AE4AC1199 /* Pods */,
				040E9B0DD6B39B10E143E4C7 /* Frameworks */,
			);
			sourceTree = "<group>";
		};
		A30BD4FC250D56F900BB71F2 /* Products */ = {
			isa = PBXGroup;
			children = (
				A30BD4FB250D56F900BB71F2 /* SlackClone.app */,
			);
			name = Products;
			sourceTree = "<group>";
		};
		A30BD4FD250D56F900BB71F2 /* SlackClone */ = {
			isa = PBXGroup;
			children = (
				A30BD4FE250D56F900BB71F2 /* AppDelegate.swift */,
				A30BD50E250D5C5500BB71F2 /* MainWindowController.swift */,
				A30BD512250D5E0300BB71F2 /* LoginViewController.swift */,
				A30BD510250D5D0700BB71F2 /* CreateAccountViewController.swift */,
				A35E9FC6250D945F00EA9366 /* SplitViewController.swift */,
				A30C0E31250EA954009C07C4 /* ChannelsViewController.swift */,
				A30C0E33250EB2EA009C07C4 /* AddChannelViewController.swift */,
				A34F557A250F8C9A00803AF7 /* ChatViewController.swift */,
				A331BB81250FC01500AD5C79 /* ChatSell.swift */,
				A30BD502250D56FD00BB71F2 /* Assets.xcassets */,
				A30BD504250D56FD00BB71F2 /* Main.storyboard */,
				A30BD507250D56FD00BB71F2 /* Info.plist */,
				A30BD508250D56FD00BB71F2 /* SlackClone.entitlements */,
				A30BD513250D5E0300BB71F2 /* LoginViewController.xib */,
			);
			path = SlackClone;
			sourceTree = "<group>";
		};
/* End PBXGroup section */

/* Begin PBXNativeTarget section */
		A30BD4FA250D56F900BB71F2 /* SlackClone */ = {
			isa = PBXNativeTarget;
			buildConfigurationList = A30BD50B250D56FD00BB71F2 /* Build configuration list for PBXNativeTarget "SlackClone" */;
			buildPhases = (
				F6150B0DEB381CBB56D78CD9 /* [CP] Check Pods Manifest.lock */,
				A30BD4F7250D56F900BB71F2 /* Sources */,
				A30BD4F8250D56F900BB71F2 /* Frameworks */,
				A30BD4F9250D56F900BB71F2 /* Resources */,
				E049B13A089696290DAFFC10 /* [CP] Embed Pods Frameworks */,
			);
			buildRules = (
			);
			dependencies = (
			);
			name = SlackClone;
			productName = SlackClone;
			productReference = A30BD4FB250D56F900BB71F2 /* SlackClone.app */;
			productType = "com.apple.product-type.application";
		};
/* End PBXNativeTarget section */

/* Begin PBXProject section */
		A30BD4F3250D56F900BB71F2 /* Project object */ = {
			isa = PBXProject;
			attributes = {
				LastSwiftUpdateCheck = 1170;
				LastUpgradeCheck = 1170;
				ORGANIZATIONNAME = "Ivan Sliepov";
				TargetAttributes = {
					A30BD4FA250D56F900BB71F2 = {
						CreatedOnToolsVersion = 11.7;
					};
				};
			};
			buildConfigurationList = A30BD4F6250D56F900BB71F2 /* Build configuration list for PBXProject "SlackClone" */;
			compatibilityVersion = "Xcode 9.3";
			developmentRegion = en;
			hasScannedForEncodings = 0;
			knownRegions = (
				en,
				Base,
			);
			mainGroup = A30BD4F2250D56F900BB71F2;
			productRefGroup = A30BD4FC250D56F900BB71F2 /* Products */;
			projectDirPath = "";
			projectRoot = "";
			targets = (
				A30BD4FA250D56F900BB71F2 /* SlackClone */,
			);
		};
/* End PBXProject section */

/* Begin PBXResourcesBuildPhase section */
		A30BD4F9250D56F900BB71F2 /* Resources */ = {
			isa = PBXResourcesBuildPhase;
			buildActionMask = 2147483647;
			files = (
				A30BD503250D56FD00BB71F2 /* Assets.xcassets in Resources */,
				A30BD506250D56FD00BB71F2 /* Main.storyboard in Resources */,
				A30BD515250D5E0300BB71F2 /* LoginViewController.xib in Resources */,
			);
			runOnlyForDeploymentPostprocessing = 0;
		};
/* End PBXResourcesBuildPhase section */

/* Begin PBXShellScriptBuildPhase section */
		E049B13A089696290DAFFC10 /* [CP] Embed Pods Frameworks */ = {
			isa = PBXShellScriptBuildPhase;
			buildActionMask = 2147483647;
			files = (
			);
			inputPaths = (
				"${SRCROOT}/Pods/Target Support Files/Pods-SlackClone/Pods-SlackClone-frameworks.sh",
				"${BUILT_PRODUCTS_DIR}/Bolts/Bolts.framework",
				"${BUILT_PRODUCTS_DIR}/Parse/Parse.framework",
			);
			name = "[CP] Embed Pods Frameworks";
			outputPaths = (
				"${TARGET_BUILD_DIR}/${FRAMEWORKS_FOLDER_PATH}/Bolts.framework",
				"${TARGET_BUILD_DIR}/${FRAMEWORKS_FOLDER_PATH}/Parse.framework",
			);
			runOnlyForDeploymentPostprocessing = 0;
			shellPath = /bin/sh;
			shellScript = "\"${SRCROOT}/Pods/Target Support Files/Pods-SlackClone/Pods-SlackClone-frameworks.sh\"\n";
			showEnvVarsInLog = 0;
		};
		F6150B0DEB381CBB56D78CD9 /* [CP] Check Pods Manifest.lock */ = {
			isa = PBXShellScriptBuildPhase;
			buildActionMask = 2147483647;
			files = (
			);
			inputPaths = (
				"${PODS_PODFILE_DIR_PATH}/Podfile.lock",
				"${PODS_ROOT}/Manifest.lock",
			);
			name = "[CP] Check Pods Manifest.lock";
			outputPaths = (
				"$(DERIVED_FILE_DIR)/Pods-SlackClone-checkManifestLockResult.txt",
			);
			runOnlyForDeploymentPostprocessing = 0;
			shellPath = /bin/sh;
			shellScript = "diff \"${PODS_PODFILE_DIR_PATH}/Podfile.lock\" \"${PODS_ROOT}/Manifest.lock\" > /dev/null\nif [ $? != 0 ] ; then\n    # print error to STDERR\n    echo \"error: The sandbox is not in sync with the Podfile.lock. Run 'pod install' or update your CocoaPods installation.\" >&2\n    exit 1\nfi\n# This output is used by Xcode 'outputs' to avoid re-running this script phase.\necho \"SUCCESS\" > \"${SCRIPT_OUTPUT_FILE_0}\"\n";
			showEnvVarsInLog = 0;
		};
/* End PBXShellScriptBuildPhase section */

/* Begin PBXSourcesBuildPhase section */
		A30BD4F7250D56F900BB71F2 /* Sources */ = {
			isa = PBXSourcesBuildPhase;
			buildActionMask = 2147483647;
			files = (
				A30C0E32250EA954009C07C4 /* ChannelsViewController.swift in Sources */,
				A35E9FC7250D945F00EA9366 /* SplitViewController.swift in Sources */,
				A34F557B250F8C9A00803AF7 /* ChatViewController.swift in Sources */,
				A30BD514250D5E0300BB71F2 /* LoginViewController.swift in Sources */,
				A331BB82250FC01500AD5C79 /* ChatSell.swift in Sources */,
				A30BD511250D5D0800BB71F2 /* CreateAccountViewController.swift in Sources */,
				A30BD4FF250D56F900BB71F2 /* AppDelegate.swift in Sources */,
				A30C0E34250EB2EA009C07C4 /* AddChannelViewController.swift in Sources */,
				A30BD50F250D5C5500BB71F2 /* MainWindowController.swift in Sources */,
			);
			runOnlyForDeploymentPostprocessing = 0;
		};
/* End PBXSourcesBuildPhase section */

/* Begin PBXVariantGroup section */
		A30BD504250D56FD00BB71F2 /* Main.storyboard */ = {
			isa = PBXVariantGroup;
			children = (
				A30BD505250D56FD00BB71F2 /* Base */,
			);
			name = Main.storyboard;
			sourceTree = "<group>";
		};
/* End PBXVariantGroup section */

/* Begin XCBuildConfiguration section */
		A30BD509250D56FD00BB71F2 /* Debug */ = {
			isa = XCBuildConfiguration;
			buildSettings = {
				ALWAYS_SEARCH_USER_PATHS = NO;
				CLANG_ANALYZER_NONNULL = YES;
				CLANG_ANALYZER_NUMBER_OBJECT_CONVERSION = YES_AGGRESSIVE;
				CLANG_CXX_LANGUAGE_STANDARD = "gnu++14";
				CLANG_CXX_LIBRARY = "libc++";
				CLANG_ENABLE_MODULES = YES;
				CLANG_ENABLE_OBJC_ARC = YES;
				CLANG_ENABLE_OBJC_WEAK = YES;
				CLANG_WARN_BLOCK_CAPTURE_AUTORELEASING = YES;
				CLANG_WARN_BOOL_CONVERSION = YES;
				CLANG_WARN_COMMA = YES;
				CLANG_WARN_CONSTANT_CONVERSION = YES;
				CLANG_WARN_DEPRECATED_OBJC_IMPLEMENTATIONS = YES;
				CLANG_WARN_DIRECT_OBJC_ISA_USAGE = YES_ERROR;
				CLANG_WARN_DOCUMENTATION_COMMENTS = YES;
				CLANG_WARN_EMPTY_BODY = YES;
				CLANG_WARN_ENUM_CONVERSION = YES;
				CLANG_WARN_INFINITE_RECURSION = YES;
				CLANG_WARN_INT_CONVERSION = YES;
				CLANG_WARN_NON_LITERAL_NULL_CONVERSION = YES;
				CLANG_WARN_OBJC_IMPLICIT_RETAIN_SELF = YES;
				CLANG_WARN_OBJC_LITERAL_CONVERSION = YES;
				CLANG_WARN_OBJC_ROOT_CLASS = YES_ERROR;
				CLANG_WARN_RANGE_LOOP_ANALYSIS = YES;
				CLANG_WARN_STRICT_PROTOTYPES = YES;
				CLANG_WARN_SUSPICIOUS_MOVE = YES;
				CLANG_WARN_UNGUARDED_AVAILABILITY = YES_AGGRESSIVE;
				CLANG_WARN_UNREACHABLE_CODE = YES;
				CLANG_WARN__DUPLICATE_METHOD_MATCH = YES;
				COPY_PHASE_STRIP = NO;
				DEBUG_INFORMATION_FORMAT = dwarf;
				ENABLE_STRICT_OBJC_MSGSEND = YES;
				ENABLE_TESTABILITY = YES;
				GCC_C_LANGUAGE_STANDARD = gnu11;
				GCC_DYNAMIC_NO_PIC = NO;
				GCC_NO_COMMON_BLOCKS = YES;
				GCC_OPTIMIZATION_LEVEL = 0;
				GCC_PREPROCESSOR_DEFINITIONS = (
					"DEBUG=1",
					"$(inherited)",
				);
				GCC_WARN_64_TO_32_BIT_CONVERSION = YES;
				GCC_WARN_ABOUT_RETURN_TYPE = YES_ERROR;
				GCC_WARN_UNDECLARED_SELECTOR = YES;
				GCC_WARN_UNINITIALIZED_AUTOS = YES_AGGRESSIVE;
				GCC_WARN_UNUSED_FUNCTION = YES;
				GCC_WARN_UNUSED_VARIABLE = YES;
				MACOSX_DEPLOYMENT_TARGET = 10.15;
				MTL_ENABLE_DEBUG_INFO = INCLUDE_SOURCE;
				MTL_FAST_MATH = YES;
				ONLY_ACTIVE_ARCH = YES;
				SDKROOT = macosx;
				SWIFT_ACTIVE_COMPILATION_CONDITIONS = DEBUG;
				SWIFT_OPTIMIZATION_LEVEL = "-Onone";
			};
			name = Debug;
		};
		A30BD50A250D56FD00BB71F2 /* Release */ = {
			isa = XCBuildConfiguration;
			buildSettings = {
				ALWAYS_SEARCH_USER_PATHS = NO;
				CLANG_ANALYZER_NONNULL = YES;
				CLANG_ANALYZER_NUMBER_OBJECT_CONVERSION = YES_AGGRESSIVE;
				CLANG_CXX_LANGUAGE_STANDARD = "gnu++14";
				CLANG_CXX_LIBRARY = "libc++";
				CLANG_ENABLE_MODULES = YES;
				CLANG_ENABLE_OBJC_ARC = YES;
				CLANG_ENABLE_OBJC_WEAK = YES;
				CLANG_WARN_BLOCK_CAPTURE_AUTORELEASING = YES;
				CLANG_WARN_BOOL_CONVERSION = YES;
				CLANG_WARN_COMMA = YES;
				CLANG_WARN_CONSTANT_CONVERSION = YES;
				CLANG_WARN_DEPRECATED_OBJC_IMPLEMENTATIONS = YES;
				CLANG_WARN_DIRECT_OBJC_ISA_USAGE = YES_ERROR;
				CLANG_WARN_DOCUMENTATION_COMMENTS = YES;
				CLANG_WARN_EMPTY_BODY = YES;
				CLANG_WARN_ENUM_CONVERSION = YES;
				CLANG_WARN_INFINITE_RECURSION = YES;
				CLANG_WARN_INT_CONVERSION = YES;
				CLANG_WARN_NON_LITERAL_NULL_CONVERSION = YES;
				CLANG_WARN_OBJC_IMPLICIT_RETAIN_SELF = YES;
				CLANG_WARN_OBJC_LITERAL_CONVERSION = YES;
				CLANG_WARN_OBJC_ROOT_CLASS = YES_ERROR;
				CLANG_WARN_RANGE_LOOP_ANALYSIS = YES;
				CLANG_WARN_STRICT_PROTOTYPES = YES;
				CLANG_WARN_SUSPICIOUS_MOVE = YES;
				CLANG_WARN_UNGUARDED_AVAILABILITY = YES_AGGRESSIVE;
				CLANG_WARN_UNREACHABLE_CODE = YES;
				CLANG_WARN__DUPLICATE_METHOD_MATCH = YES;
				COPY_PHASE_STRIP = NO;
				DEBUG_INFORMATION_FORMAT = "dwarf-with-dsym";
				ENABLE_NS_ASSERTIONS = NO;
				ENABLE_STRICT_OBJC_MSGSEND = YES;
				GCC_C_LANGUAGE_STANDARD = gnu11;
				GCC_NO_COMMON_BLOCKS = YES;
				GCC_WARN_64_TO_32_BIT_CONVERSION = YES;
				GCC_WARN_ABOUT_RETURN_TYPE = YES_ERROR;
				GCC_WARN_UNDECLARED_SELECTOR = YES;
				GCC_WARN_UNINITIALIZED_AUTOS = YES_AGGRESSIVE;
				GCC_WARN_UNUSED_FUNCTION = YES;
				GCC_WARN_UNUSED_VARIABLE = YES;
				MACOSX_DEPLOYMENT_TARGET = 10.15;
				MTL_ENABLE_DEBUG_INFO = NO;
				MTL_FAST_MATH = YES;
				SDKROOT = macosx;
				SWIFT_COMPILATION_MODE = wholemodule;
				SWIFT_OPTIMIZATION_LEVEL = "-O";
			};
			name = Release;
		};
		A30BD50C250D56FD00BB71F2 /* Debug */ = {
			isa = XCBuildConfiguration;
			baseConfigurationReference = 336E6E2C1BBED40F1DB36CF0 /* Pods-SlackClone.debug.xcconfig */;
			buildSettings = {
				ASSETCATALOG_COMPILER_APPICON_NAME = AppIcon;
				CODE_SIGN_ENTITLEMENTS = SlackClone/SlackClone.entitlements;
				CODE_SIGN_STYLE = Automatic;
				COMBINE_HIDPI_IMAGES = YES;
				DEVELOPMENT_TEAM = T389M7BQ86;
				ENABLE_HARDENED_RUNTIME = YES;
				INFOPLIST_FILE = SlackClone/Info.plist;
				LD_RUNPATH_SEARCH_PATHS = (
					"$(inherited)",
					"@executable_path/../Frameworks",
				);
				PRODUCT_BUNDLE_IDENTIFIER = SliepovInc.SlackClone;
				PRODUCT_NAME = "$(TARGET_NAME)";
				SWIFT_VERSION = 5.0;
			};
			name = Debug;
		};
		A30BD50D250D56FD00BB71F2 /* Release */ = {
			isa = XCBuildConfiguration;
			baseConfigurationReference = E1D896945953AEFE2A579654 /* Pods-SlackClone.release.xcconfig */;
			buildSettings = {
				ASSETCATALOG_COMPILER_APPICON_NAME = AppIcon;
				CODE_SIGN_ENTITLEMENTS = SlackClone/SlackClone.entitlements;
				CODE_SIGN_STYLE = Automatic;
				COMBINE_HIDPI_IMAGES = YES;
				DEVELOPMENT_TEAM = T389M7BQ86;
				ENABLE_HARDENED_RUNTIME = YES;
				INFOPLIST_FILE = SlackClone/Info.plist;
				LD_RUNPATH_SEARCH_PATHS = (
					"$(inherited)",
					"@executable_path/../Frameworks",
				);
				PRODUCT_BUNDLE_IDENTIFIER = SliepovInc.SlackClone;
				PRODUCT_NAME = "$(TARGET_NAME)";
				SWIFT_VERSION = 5.0;
			};
			name = Release;
		};
/* End XCBuildConfiguration section */

/* Begin XCConfigurationList section */
		A30BD4F6250D56F900BB71F2 /* Build configuration list for PBXProject "SlackClone" */ = {
			isa = XCConfigurationList;
			buildConfigurations = (
				A30BD509250D56FD00BB71F2 /* Debug */,
				A30BD50A250D56FD00BB71F2 /* Release */,
			);
			defaultConfigurationIsVisible = 0;
			defaultConfigurationName = Release;
		};
		A30BD50B250D56FD00BB71F2 /* Build configuration list for PBXNativeTarget "SlackClone" */ = {
			isa = XCConfigurationList;
			buildConfigurations = (
				A30BD50C250D56FD00BB71F2 /* Debug */,
				A30BD50D250D56FD00BB71F2 /* Release */,
			);
			defaultConfigurationIsVisible = 0;
			defaultConfigurationName = Release;
		};
/* End XCConfigurationList section */
	};
	rootObject = A30BD4F3250D56F900BB71F2 /* Project object */;
}
